
Microsoft Visual Studio Solution File, Format Version 12.00
# Visual Studio Version 17
VisualStudioVersion = 17.9.34701.34
MinimumVisualStudioVersion = 10.0.40219.1
Project("{9A19103F-16F7-4668-BE54-9A1E7A4F7556}") = "App", "MigrationApp\App.csproj", "{2AA18D8A-4163-421C-BCAE-D4294DC239BC}"
EndProject
Project("{FAE04EC0-301F-11D3-BF4B-00C04F79EFBC}") = "App.Models", "Models\App.Models.csproj", "{BD2DD360-25E8-437C-B0EA-2E79A94AEF73}"
EndProject
Project("{FAE04EC0-301F-11D3-BF4B-00C04F79EFBC}") = "App.Persistence", "App.Persistence\App.Persistence.csproj", "{172CE480-021E-4AFE-90C6-C34E38E16238}"
EndProject
Project("{FAE04EC0-301F-11D3-BF4B-00C04F79EFBC}") = "App.Service", "App.Service\App.Service.csproj", "{F4172F15-C73B-4E80-8DB3-AC41ACC1FFC3}"
EndProject
Global
	GlobalSection(SolutionConfigurationPlatforms) = preSolution
		Debug|Any CPU = Debug|Any CPU
		Release|Any CPU = Release|Any CPU
	EndGlobalSection
	GlobalSection(ProjectConfigurationPlatforms) = postSolution
		{2AA18D8A-4163-421C-BCAE-D4294DC239BC}.Debug|Any CPU.ActiveCfg = Debug|Any CPU
		{2AA18D8A-4163-421C-BCAE-D4294DC239BC}.Debug|Any CPU.Build.0 = Debug|Any CPU
		{2AA18D8A-4163-421C-BCAE-D4294DC239BC}.Release|Any CPU.ActiveCfg = Release|Any CPU
		{2AA18D8A-4163-421C-BCAE-D4294DC239BC}.Release|Any CPU.Build.0 = Release|Any CPU
		{BD2DD360-25E8-437C-B0EA-2E79A94AEF73}.Debug|Any CPU.ActiveCfg = Debug|Any CPU
		{BD2DD360-25E8-437C-B0EA-2E79A94AEF73}.Debug|Any CPU.Build.0 = Debug|Any CPU
		{BD2DD360-25E8-437C-B0EA-2E79A94AEF73}.Release|Any CPU.ActiveCfg = Release|Any CPU
		{BD2DD360-25E8-437C-B0EA-2E79A94AEF73}.Release|Any CPU.Build.0 = Release|Any CPU
		{172CE480-021E-4AFE-90C6-C34E38E16238}.Debug|Any CPU.ActiveCfg = Debug|Any CPU
		{172CE480-021E-4AFE-90C6-C34E38E16238}.Debug|Any CPU.Build.0 = Debug|Any CPU
		{172CE480-021E-4AFE-90C6-C34E38E16238}.Release|Any CPU.ActiveCfg = Release|Any CPU
		{172CE480-021E-4AFE-90C6-C34E38E16238}.Release|Any CPU.Build.0 = Release|Any CPU
		{F4172F15-C73B-4E80-8DB3-AC41ACC1FFC3}.Debug|Any CPU.ActiveCfg = Debug|Any CPU
		{F4172F15-C73B-4E80-8DB3-AC41ACC1FFC3}.Debug|Any CPU.Build.0 = Debug|Any CPU
		{F4172F15-C73B-4E80-8DB3-AC41ACC1FFC3}.Release|Any CPU.ActiveCfg = Release|Any CPU
		{F4172F15-C73B-4E80-8DB3-AC41ACC1FFC3}.Release|Any CPU.Build.0 = Release|Any CPU
	EndGlobalSection
	GlobalSection(SolutionProperties) = preSolution
		HideSolutionNode = FALSE
	EndGlobalSection
	GlobalSection(ExtensibilityGlobals) = postSolution
		SolutionGuid = {F08359AB-928A-4813-AF38-E4D0BD2603FB}
	EndGlobalSection
EndGlobal
